
Microsoft Visual Studio Solution File, Format Version 12.00
# Visual Studio Version 17
VisualStudioVersion = 17.2.32630.192
MinimumVisualStudioVersion = 10.0.40219.1
Project("{FAE04EC0-301F-11D3-BF4B-00C04F79EFBC}") = "Blackjack", "Blackjack\Blackjack.csproj", "{ADEE4913-0CD1-430B-AFCD-1108BB3EF72D}"
EndProject
Global
	GlobalSection(SolutionConfigurationPlatforms) = preSolution
		Debug|Any CPU = Debug|Any CPU
		Release|Any CPU = Release|Any CPU
	EndGlobalSection
	GlobalSection(ProjectConfigurationPlatforms) = postSolution
		{ADEE4913-0CD1-430B-AFCD-1108BB3EF72D}.Debug|Any CPU.ActiveCfg = Debug|Any CPU
		{ADEE4913-0CD1-430B-AFCD-1108BB3EF72D}.Debug|Any CPU.Build.0 = Debug|Any CPU
		{ADEE4913-0CD1-430B-AFCD-1108BB3EF72D}.Release|Any CPU.ActiveCfg = Release|Any CPU
		{ADEE4913-0CD1-430B-AFCD-1108BB3EF72D}.Release|Any CPU.Build.0 = Release|Any CPU
	EndGlobalSection
	GlobalSection(SolutionProperties) = preSolution
		HideSolutionNode = FALSE
	EndGlobalSection
	GlobalSection(ExtensibilityGlobals) = postSolution
		SolutionGuid = {6623F2BD-44D3-42E7-9CB4-29D36AAC01E5}
	EndGlobalSection
EndGlobal
